// !$*UTF8*$!
{
	archiveVersion = 1;
	classes = {
	};
	objectVersion = 46;
	objects = {

/* Begin PBXBuildFile section */
		BA314E421981E3BB007240B7 /* Foundation.framework in Frameworks */ = {isa = PBXBuildFile; fileRef = BA314E411981E3BB007240B7 /* Foundation.framework */; };
		BA314E441981E3BB007240B7 /* CoreGraphics.framework in Frameworks */ = {isa = PBXBuildFile; fileRef = BA314E431981E3BB007240B7 /* CoreGraphics.framework */; };
		BA314E461981E3BB007240B7 /* UIKit.framework in Frameworks */ = {isa = PBXBuildFile; fileRef = BA314E451981E3BB007240B7 /* UIKit.framework */; };
		BA314E4C1981E3BB007240B7 /* InfoPlist.strings in Resources */ = {isa = PBXBuildFile; fileRef = BA314E4A1981E3BB007240B7 /* InfoPlist.strings */; };
		BA314E4E1981E3BB007240B7 /* main.m in Sources */ = {isa = PBXBuildFile; fileRef = BA314E4D1981E3BB007240B7 /* main.m */; };
		BA314E521981E3BB007240B7 /* XYZAppDelegate.m in Sources */ = {isa = PBXBuildFile; fileRef = BA314E511981E3BB007240B7 /* XYZAppDelegate.m */; };
		BA314E541981E3BB007240B7 /* Images.xcassets in Resources */ = {isa = PBXBuildFile; fileRef = BA314E531981E3BB007240B7 /* Images.xcassets */; };
		BA314E5B1981E3BB007240B7 /* XCTest.framework in Frameworks */ = {isa = PBXBuildFile; fileRef = BA314E5A1981E3BB007240B7 /* XCTest.framework */; };
		BA314E5C1981E3BB007240B7 /* Foundation.framework in Frameworks */ = {isa = PBXBuildFile; fileRef = BA314E411981E3BB007240B7 /* Foundation.framework */; };
		BA314E5D1981E3BB007240B7 /* UIKit.framework in Frameworks */ = {isa = PBXBuildFile; fileRef = BA314E451981E3BB007240B7 /* UIKit.framework */; };
		BA314E651981E3BB007240B7 /* InfoPlist.strings in Resources */ = {isa = PBXBuildFile; fileRef = BA314E631981E3BB007240B7 /* InfoPlist.strings */; };
		BA314E671981E3BB007240B7 /* Prioritization_AppTests.m in Sources */ = {isa = PBXBuildFile; fileRef = BA314E661981E3BB007240B7 /* Prioritization_AppTests.m */; };
		BA314E711981E911007240B7 /* Main.storyboard in Resources */ = {isa = PBXBuildFile; fileRef = BA314E701981E911007240B7 /* Main.storyboard */; };
		BA314E741981F932007240B7 /* XYZAddToDoItemViewController.m in Sources */ = {isa = PBXBuildFile; fileRef = BA314E731981F931007240B7 /* XYZAddToDoItemViewController.m */; };
		BA314E771981FA1A007240B7 /* XYZToDoListTableViewController.m in Sources */ = {isa = PBXBuildFile; fileRef = BA314E761981FA1A007240B7 /* XYZToDoListTableViewController.m */; };
		BA314E7A19820EA1007240B7 /* XYZToDoItem.m in Sources */ = {isa = PBXBuildFile; fileRef = BA314E7919820EA1007240B7 /* XYZToDoItem.m */; };
/* End PBXBuildFile section */

/* Begin PBXContainerItemProxy section */
		BA314E5E1981E3BB007240B7 /* PBXContainerItemProxy */ = {
			isa = PBXContainerItemProxy;
			containerPortal = BA314E361981E3BB007240B7 /* Project object */;
			proxyType = 1;
			remoteGlobalIDString = BA314E3D1981E3BB007240B7;
			remoteInfo = "Prioritization App";
		};
/* End PBXContainerItemProxy section */

/* Begin PBXFileReference section */
		BA314E3E1981E3BB007240B7 /* Prioritization App.app */ = {isa = PBXFileReference; explicitFileType = wrapper.application; includeInIndex = 0; path = "Prioritization App.app"; sourceTree = BUILT_PRODUCTS_DIR; };
		BA314E411981E3BB007240B7 /* Foundation.framework */ = {isa = PBXFileReference; lastKnownFileType = wrapper.framework; name = Foundation.framework; path = System/Library/Frameworks/Foundation.framework; sourceTree = SDKROOT; };
		BA314E431981E3BB007240B7 /* CoreGraphics.framework */ = {isa = PBXFileReference; lastKnownFileType = wrapper.framework; name = CoreGraphics.framework; path = System/Library/Frameworks/CoreGraphics.framework; sourceTree = SDKROOT; };
		BA314E451981E3BB007240B7 /* UIKit.framework */ = {isa = PBXFileReference; lastKnownFileType = wrapper.framework; name = UIKit.framework; path = System/Library/Frameworks/UIKit.framework; sourceTree = SDKROOT; };
		BA314E491981E3BB007240B7 /* Prioritization App-Info.plist */ = {isa = PBXFileReference; lastKnownFileType = text.plist.xml; path = "Prioritization App-Info.plist"; sourceTree = "<group>"; };
		BA314E4B1981E3BB007240B7 /* en */ = {isa = PBXFileReference; lastKnownFileType = text.plist.strings; name = en; path = en.lproj/InfoPlist.strings; sourceTree = "<group>"; };
		BA314E4D1981E3BB007240B7 /* main.m */ = {isa = PBXFileReference; lastKnownFileType = sourcecode.c.objc; path = main.m; sourceTree = "<group>"; };
		BA314E4F1981E3BB007240B7 /* Prioritization App-Prefix.pch */ = {isa = PBXFileReference; lastKnownFileType = sourcecode.c.h; path = "Prioritization App-Prefix.pch"; sourceTree = "<group>"; };
		BA314E501981E3BB007240B7 /* XYZAppDelegate.h */ = {isa = PBXFileReference; lastKnownFileType = sourcecode.c.h; path = XYZAppDelegate.h; sourceTree = "<group>"; };
		BA314E511981E3BB007240B7 /* XYZAppDelegate.m */ = {isa = PBXFileReference; lastKnownFileType = sourcecode.c.objc; path = XYZAppDelegate.m; sourceTree = "<group>"; };
		BA314E531981E3BB007240B7 /* Images.xcassets */ = {isa = PBXFileReference; lastKnownFileType = folder.assetcatalog; path = Images.xcassets; sourceTree = "<group>"; };
		BA314E591981E3BB007240B7 /* Prioritization AppTests.xctest */ = {isa = PBXFileReference; explicitFileType = wrapper.cfbundle; includeInIndex = 0; path = "Prioritization AppTests.xctest"; sourceTree = BUILT_PRODUCTS_DIR; };
		BA314E5A1981E3BB007240B7 /* XCTest.framework */ = {isa = PBXFileReference; lastKnownFileType = wrapper.framework; name = XCTest.framework; path = Library/Frameworks/XCTest.framework; sourceTree = DEVELOPER_DIR; };
		BA314E621981E3BB007240B7 /* Prioritization AppTests-Info.plist */ = {isa = PBXFileReference; lastKnownFileType = text.plist.xml; path = "Prioritization AppTests-Info.plist"; sourceTree = "<group>"; };
		BA314E641981E3BB007240B7 /* en */ = {isa = PBXFileReference; lastKnownFileType = text.plist.strings; name = en; path = en.lproj/InfoPlist.strings; sourceTree = "<group>"; };
		BA314E661981E3BB007240B7 /* Prioritization_AppTests.m */ = {isa = PBXFileReference; lastKnownFileType = sourcecode.c.objc; path = Prioritization_AppTests.m; sourceTree = "<group>"; };
		BA314E701981E911007240B7 /* Main.storyboard */ = {isa = PBXFileReference; fileEncoding = 4; lastKnownFileType = file.storyboard; path = Main.storyboard; sourceTree = "<group>"; };
		BA314E721981F931007240B7 /* XYZAddToDoItemViewController.h */ = {isa = PBXFileReference; fileEncoding = 4; lastKnownFileType = sourcecode.c.h; path = XYZAddToDoItemViewController.h; sourceTree = "<group>"; };
		BA314E731981F931007240B7 /* XYZAddToDoItemViewController.m */ = {isa = PBXFileReference; fileEncoding = 4; lastKnownFileType = sourcecode.c.objc; path = XYZAddToDoItemViewController.m; sourceTree = "<group>"; };
		BA314E751981FA1A007240B7 /* XYZToDoListTableViewController.h */ = {isa = PBXFileReference; fileEncoding = 4; lastKnownFileType = sourcecode.c.h; path = XYZToDoListTableViewController.h; sourceTree = "<group>"; };
		BA314E761981FA1A007240B7 /* XYZToDoListTableViewController.m */ = {isa = PBXFileReference; fileEncoding = 4; lastKnownFileType = sourcecode.c.objc; path = XYZToDoListTableViewController.m; sourceTree = "<group>"; };
		BA314E7819820EA1007240B7 /* XYZToDoItem.h */ = {isa = PBXFileReference; fileEncoding = 4; lastKnownFileType = sourcecode.c.h; path = XYZToDoItem.h; sourceTree = "<group>"; };
		BA314E7919820EA1007240B7 /* XYZToDoItem.m */ = {isa = PBXFileReference; fileEncoding = 4; lastKnownFileType = sourcecode.c.objc; path = XYZToDoItem.m; sourceTree = "<group>"; };
/* End PBXFileReference section */

/* Begin PBXFrameworksBuildPhase section */
		BA314E3B1981E3BB007240B7 /* Frameworks */ = {
			isa = PBXFrameworksBuildPhase;
			buildActionMask = 2147483647;
			files = (
				BA314E441981E3BB007240B7 /* CoreGraphics.framework in Frameworks */,
				BA314E461981E3BB007240B7 /* UIKit.framework in Frameworks */,
				BA314E421981E3BB007240B7 /* Foundation.framework in Frameworks */,
			);
			runOnlyForDeploymentPostprocessing = 0;
		};
		BA314E561981E3BB007240B7 /* Frameworks */ = {
			isa = PBXFrameworksBuildPhase;
			buildActionMask = 2147483647;
			files = (
				BA314E5B1981E3BB007240B7 /* XCTest.framework in Frameworks */,
				BA314E5D1981E3BB007240B7 /* UIKit.framework in Frameworks */,
				BA314E5C1981E3BB007240B7 /* Foundation.framework in Frameworks */,
			);
			runOnlyForDeploymentPostprocessing = 0;
		};
/* End PBXFrameworksBuildPhase section */

/* Begin PBXGroup section */
		BA314E351981E3BB007240B7 = {
			isa = PBXGroup;
			children = (
				BA314E721981F931007240B7 /* XYZAddToDoItemViewController.h */,
				BA314E731981F931007240B7 /* XYZAddToDoItemViewController.m */,
				BA314E7819820EA1007240B7 /* XYZToDoItem.h */,
				BA314E7919820EA1007240B7 /* XYZToDoItem.m */,
				BA314E471981E3BB007240B7 /* Prioritization App */,
				BA314E601981E3BB007240B7 /* Prioritization AppTests */,
				BA314E401981E3BB007240B7 /* Frameworks */,
				BA314E3F1981E3BB007240B7 /* Products */,
			);
			sourceTree = "<group>";
		};
		BA314E3F1981E3BB007240B7 /* Products */ = {
			isa = PBXGroup;
			children = (
				BA314E3E1981E3BB007240B7 /* Prioritization App.app */,
				BA314E591981E3BB007240B7 /* Prioritization AppTests.xctest */,
			);
			name = Products;
			sourceTree = "<group>";
		};
		BA314E401981E3BB007240B7 /* Frameworks */ = {
			isa = PBXGroup;
			children = (
				BA314E411981E3BB007240B7 /* Foundation.framework */,
				BA314E431981E3BB007240B7 /* CoreGraphics.framework */,
				BA314E451981E3BB007240B7 /* UIKit.framework */,
				BA314E5A1981E3BB007240B7 /* XCTest.framework */,
			);
			name = Frameworks;
			sourceTree = "<group>";
		};
		BA314E471981E3BB007240B7 /* Prioritization App */ = {
			isa = PBXGroup;
			children = (
				BA314E501981E3BB007240B7 /* XYZAppDelegate.h */,
				BA314E511981E3BB007240B7 /* XYZAppDelegate.m */,
				BA314E701981E911007240B7 /* Main.storyboard */,
				BA314E751981FA1A007240B7 /* XYZToDoListTableViewController.h */,
				BA314E761981FA1A007240B7 /* XYZToDoListTableViewController.m */,
				BA314E531981E3BB007240B7 /* Images.xcassets */,
				BA314E481981E3BB007240B7 /* Supporting Files */,
			);
			path = "Prioritization App";
			sourceTree = "<group>";
		};
		BA314E481981E3BB007240B7 /* Supporting Files */ = {
			isa = PBXGroup;
			children = (
				BA314E491981E3BB007240B7 /* Prioritization App-Info.plist */,
				BA314E4A1981E3BB007240B7 /* InfoPlist.strings */,
				BA314E4D1981E3BB007240B7 /* main.m */,
				BA314E4F1981E3BB007240B7 /* Prioritization App-Prefix.pch */,
			);
			name = "Supporting Files";
			sourceTree = "<group>";
		};
		BA314E601981E3BB007240B7 /* Prioritization AppTests */ = {
			isa = PBXGroup;
			children = (
				BA314E661981E3BB007240B7 /* Prioritization_AppTests.m */,
				BA314E611981E3BB007240B7 /* Supporting Files */,
			);
			path = "Prioritization AppTests";
			sourceTree = "<group>";
		};
		BA314E611981E3BB007240B7 /* Supporting Files */ = {
			isa = PBXGroup;
			children = (
				BA314E621981E3BB007240B7 /* Prioritization AppTests-Info.plist */,
				BA314E631981E3BB007240B7 /* InfoPlist.strings */,
			);
			name = "Supporting Files";
			sourceTree = "<group>";
		};
/* End PBXGroup section */

/* Begin PBXNativeTarget section */
		BA314E3D1981E3BB007240B7 /* Prioritization App */ = {
			isa = PBXNativeTarget;
			buildConfigurationList = BA314E6A1981E3BB007240B7 /* Build configuration list for PBXNativeTarget "Prioritization App" */;
			buildPhases = (
				BA314E3A1981E3BB007240B7 /* Sources */,
				BA314E3B1981E3BB007240B7 /* Frameworks */,
				BA314E3C1981E3BB007240B7 /* Resources */,
			);
			buildRules = (
			);
			dependencies = (
			);
			name = "Prioritization App";
			productName = "Prioritization App";
			productReference = BA314E3E1981E3BB007240B7 /* Prioritization App.app */;
			productType = "com.apple.product-type.application";
		};
		BA314E581981E3BB007240B7 /* Prioritization AppTests */ = {
			isa = PBXNativeTarget;
			buildConfigurationList = BA314E6D1981E3BB007240B7 /* Build configuration list for PBXNativeTarget "Prioritization AppTests" */;
			buildPhases = (
				BA314E551981E3BB007240B7 /* Sources */,
				BA314E561981E3BB007240B7 /* Frameworks */,
				BA314E571981E3BB007240B7 /* Resources */,
			);
			buildRules = (
			);
			dependencies = (
				BA314E5F1981E3BB007240B7 /* PBXTargetDependency */,
			);
			name = "Prioritization AppTests";
			productName = "Prioritization AppTests";
			productReference = BA314E591981E3BB007240B7 /* Prioritization AppTests.xctest */;
			productType = "com.apple.product-type.bundle.unit-test";
		};
/* End PBXNativeTarget section */

/* Begin PBXProject section */
		BA314E361981E3BB007240B7 /* Project object */ = {
			isa = PBXProject;
			attributes = {
				CLASSPREFIX = XYZ;
				LastUpgradeCheck = 0510;
				ORGANIZATIONNAME = "Carl Shan";
				TargetAttributes = {
					BA314E581981E3BB007240B7 = {
						TestTargetID = BA314E3D1981E3BB007240B7;
					};
				};
			};
			buildConfigurationList = BA314E391981E3BB007240B7 /* Build configuration list for PBXProject "Prioritization App" */;
			compatibilityVersion = "Xcode 3.2";
			developmentRegion = English;
			hasScannedForEncodings = 0;
			knownRegions = (
				en,
			);
			mainGroup = BA314E351981E3BB007240B7;
			productRefGroup = BA314E3F1981E3BB007240B7 /* Products */;
			projectDirPath = "";
			projectRoot = "";
			targets = (
				BA314E3D1981E3BB007240B7 /* Prioritization App */,
				BA314E581981E3BB007240B7 /* Prioritization AppTests */,
			);
		};
/* End PBXProject section */

/* Begin PBXResourcesBuildPhase section */
		BA314E3C1981E3BB007240B7 /* Resources */ = {
			isa = PBXResourcesBuildPhase;
			buildActionMask = 2147483647;
			files = (
				BA314E711981E911007240B7 /* Main.storyboard in Resources */,
				BA314E4C1981E3BB007240B7 /* InfoPlist.strings in Resources */,
				BA314E541981E3BB007240B7 /* Images.xcassets in Resources */,
			);
			runOnlyForDeploymentPostprocessing = 0;
		};
		BA314E571981E3BB007240B7 /* Resources */ = {
			isa = PBXResourcesBuildPhase;
			buildActionMask = 2147483647;
			files = (
				BA314E651981E3BB007240B7 /* InfoPlist.strings in Resources */,
			);
			runOnlyForDeploymentPostprocessing = 0;
		};
/* End PBXResourcesBuildPhase section */

/* Begin PBXSourcesBuildPhase section */
		BA314E3A1981E3BB007240B7 /* Sources */ = {
			isa = PBXSourcesBuildPhase;
			buildActionMask = 2147483647;
			files = (
				BA314E521981E3BB007240B7 /* XYZAppDelegate.m in Sources */,
				BA314E7A19820EA1007240B7 /* XYZToDoItem.m in Sources */,
				BA314E4E1981E3BB007240B7 /* main.m in Sources */,
				BA314E771981FA1A007240B7 /* XYZToDoListTableViewController.m in Sources */,
				BA314E741981F932007240B7 /* XYZAddToDoItemViewController.m in Sources */,
			);
			runOnlyForDeploymentPostprocessing = 0;
		};
		BA314E551981E3BB007240B7 /* Sources */ = {
			isa = PBXSourcesBuildPhase;
			buildActionMask = 2147483647;
			files = (
				BA314E671981E3BB007240B7 /* Prioritization_AppTests.m in Sources */,
			);
			runOnlyForDeploymentPostprocessing = 0;
		};
/* End PBXSourcesBuildPhase section */

/* Begin PBXTargetDependency section */
		BA314E5F1981E3BB007240B7 /* PBXTargetDependency */ = {
			isa = PBXTargetDependency;
			target = BA314E3D1981E3BB007240B7 /* Prioritization App */;
			targetProxy = BA314E5E1981E3BB007240B7 /* PBXContainerItemProxy */;
		};
/* End PBXTargetDependency section */

/* Begin PBXVariantGroup section */
		BA314E4A1981E3BB007240B7 /* InfoPlist.strings */ = {
			isa = PBXVariantGroup;
			children = (
				BA314E4B1981E3BB007240B7 /* en */,
			);
			name = InfoPlist.strings;
			sourceTree = "<group>";
		};
		BA314E631981E3BB007240B7 /* InfoPlist.strings */ = {
			isa = PBXVariantGroup;
			children = (
				BA314E641981E3BB007240B7 /* en */,
			);
			name = InfoPlist.strings;
			sourceTree = "<group>";
		};
/* End PBXVariantGroup section */

/* Begin XCBuildConfiguration section */
		BA314E681981E3BB007240B7 /* Debug */ = {
			isa = XCBuildConfiguration;
			buildSettings = {
				ALWAYS_SEARCH_USER_PATHS = NO;
				CLANG_CXX_LANGUAGE_STANDARD = "gnu++0x";
				CLANG_CXX_LIBRARY = "libc++";
				CLANG_ENABLE_MODULES = YES;
				CLANG_ENABLE_OBJC_ARC = YES;
				CLANG_WARN_BOOL_CONVERSION = YES;
				CLANG_WARN_CONSTANT_CONVERSION = YES;
				CLANG_WARN_DIRECT_OBJC_ISA_USAGE = YES_ERROR;
				CLANG_WARN_EMPTY_BODY = YES;
				CLANG_WARN_ENUM_CONVERSION = YES;
				CLANG_WARN_INT_CONVERSION = YES;
				CLANG_WARN_OBJC_ROOT_CLASS = YES_ERROR;
				CLANG_WARN__DUPLICATE_METHOD_MATCH = YES;
				"CODE_SIGN_IDENTITY[sdk=iphoneos*]" = "iPhone Developer";
				COPY_PHASE_STRIP = NO;
				GCC_C_LANGUAGE_STANDARD = gnu99;
				GCC_DYNAMIC_NO_PIC = NO;
				GCC_OPTIMIZATION_LEVEL = 0;
				GCC_PREPROCESSOR_DEFINITIONS = (
					"DEBUG=1",
					"$(inherited)",
				);
				GCC_SYMBOLS_PRIVATE_EXTERN = NO;
				GCC_WARN_64_TO_32_BIT_CONVERSION = YES;
				GCC_WARN_ABOUT_RETURN_TYPE = YES_ERROR;
				GCC_WARN_UNDECLARED_SELECTOR = YES;
				GCC_WARN_UNINITIALIZED_AUTOS = YES_AGGRESSIVE;
				GCC_WARN_UNUSED_FUNCTION = YES;
				GCC_WARN_UNUSED_VARIABLE = YES;
				IPHONEOS_DEPLOYMENT_TARGET = 7.1;
				ONLY_ACTIVE_ARCH = YES;
				SDKROOT = iphoneos;
			};
			name = Debug;
		};
		BA314E691981E3BB007240B7 /* Release */ = {
			isa = XCBuildConfiguration;
			buildSettings = {
				ALWAYS_SEARCH_USER_PATHS = NO;
				CLANG_CXX_LANGUAGE_STANDARD = "gnu++0x";
				CLANG_CXX_LIBRARY = "libc++";
				CLANG_ENABLE_MODULES = YES;
				CLANG_ENABLE_OBJC_ARC = YES;
				CLANG_WARN_BOOL_CONVERSION = YES;
				CLANG_WARN_CONSTANT_CONVERSION = YES;
				CLANG_WARN_DIRECT_OBJC_ISA_USAGE = YES_ERROR;
				CLANG_WARN_EMPTY_BODY = YES;
				CLANG_WARN_ENUM_CONVERSION = YES;
				CLANG_WARN_INT_CONVERSION = YES;
				CLANG_WARN_OBJC_ROOT_CLASS = YES_ERROR;
				CLANG_WARN__DUPLICATE_METHOD_MATCH = YES;
				"CODE_SIGN_IDENTITY[sdk=iphoneos*]" = "iPhone Developer";
				COPY_PHASE_STRIP = YES;
				ENABLE_NS_ASSERTIONS = NO;
				GCC_C_LANGUAGE_STANDARD = gnu99;
				GCC_WARN_64_TO_32_BIT_CONVERSION = YES;
				GCC_WARN_ABOUT_RETURN_TYPE = YES_ERROR;
				GCC_WARN_UNDECLARED_SELECTOR = YES;
				GCC_WARN_UNINITIALIZED_AUTOS = YES_AGGRESSIVE;
				GCC_WARN_UNUSED_FUNCTION = YES;
				GCC_WARN_UNUSED_VARIABLE = YES;
				IPHONEOS_DEPLOYMENT_TARGET = 7.1;
				SDKROOT = iphoneos;
				VALIDATE_PRODUCT = YES;
			};
			name = Release;
		};
		BA314E6B1981E3BB007240B7 /* Debug */ = {
			isa = XCBuildConfiguration;
			buildSettings = {
				ASSETCATALOG_COMPILER_APPICON_NAME = AppIcon;
				ASSETCATALOG_COMPILER_LAUNCHIMAGE_NAME = LaunchImage;
				GCC_PRECOMPILE_PREFIX_HEADER = YES;
				GCC_PREFIX_HEADER = "Prioritization App/Prioritization App-Prefix.pch";
				INFOPLIST_FILE = "Prioritization App/Prioritization App-Info.plist";
				PRODUCT_NAME = "$(TARGET_NAME)";
				WRAPPER_EXTENSION = app;
			};
			name = Debug;
		};
		BA314E6C1981E3BB007240B7 /* Release */ = {
			isa = XCBuildConfiguration;
			buildSettings = {
				ASSETCATALOG_COMPILER_APPICON_NAME = AppIcon;
				ASSETCATALOG_COMPILER_LAUNCHIMAGE_NAME = LaunchImage;
				GCC_PRECOMPILE_PREFIX_HEADER = YES;
				GCC_PREFIX_HEADER = "Prioritization App/Prioritization App-Prefix.pch";
				INFOPLIST_FILE = "Prioritization App/Prioritization App-Info.plist";
				PRODUCT_NAME = "$(TARGET_NAME)";
				WRAPPER_EXTENSION = app;
			};
			name = Release;
		};
		BA314E6E1981E3BB007240B7 /* Debug */ = {
			isa = XCBuildConfiguration;
			buildSettings = {
				BUNDLE_LOADER = "$(BUILT_PRODUCTS_DIR)/Prioritization App.app/Prioritization App";
				FRAMEWORK_SEARCH_PATHS = (
					"$(SDKROOT)/Developer/Library/Frameworks",
					"$(inherited)",
					"$(DEVELOPER_FRAMEWORKS_DIR)",
				);
				GCC_PRECOMPILE_PREFIX_HEADER = YES;
				GCC_PREFIX_HEADER = "Prioritization App/Prioritization App-Prefix.pch";
				GCC_PREPROCESSOR_DEFINITIONS = (
					"DEBUG=1",
					"$(inherited)",
				);
				INFOPLIST_FILE = "Prioritization AppTests/Prioritization AppTests-Info.plist";
				PRODUCT_NAME = "$(TARGET_NAME)";
				TEST_HOST = "$(BUNDLE_LOADER)";
				WRAPPER_EXTENSION = xctest;
			};
			name = Debug;
		};
		BA314E6F1981E3BB007240B7 /* Release */ = {
			isa = XCBuildConfiguration;
			buildSettings = {
				BUNDLE_LOADER = "$(BUILT_PRODUCTS_DIR)/Prioritization App.app/Prioritization App";
				FRAMEWORK_SEARCH_PATHS = (
					"$(SDKROOT)/Developer/Library/Frameworks",
					"$(inherited)",
					"$(DEVELOPER_FRAMEWORKS_DIR)",
				);
				GCC_PRECOMPILE_PREFIX_HEADER = YES;
				GCC_PREFIX_HEADER = "Prioritization App/Prioritization App-Prefix.pch";
				INFOPLIST_FILE = "Prioritization AppTests/Prioritization AppTests-Info.plist";
				PRODUCT_NAME = "$(TARGET_NAME)";
				TEST_HOST = "$(BUNDLE_LOADER)";
				WRAPPER_EXTENSION = xctest;
			};
			name = Release;
		};
/* End XCBuildConfiguration section */

/* Begin XCConfigurationList section */
		BA314E391981E3BB007240B7 /* Build configuration list for PBXProject "Prioritization App" */ = {
			isa = XCConfigurationList;
			buildConfigurations = (
				BA314E681981E3BB007240B7 /* Debug */,
				BA314E691981E3BB007240B7 /* Release */,
			);
			defaultConfigurationIsVisible = 0;
			defaultConfigurationName = Release;
		};
		BA314E6A1981E3BB007240B7 /* Build configuration list for PBXNativeTarget "Prioritization App" */ = {
			isa = XCConfigurationList;
			buildConfigurations = (
				BA314E6B1981E3BB007240B7 /* Debug */,
				BA314E6C1981E3BB007240B7 /* Release */,
			);
			defaultConfigurationIsVisible = 0;
			defaultConfigurationName = Release;
		};
		BA314E6D1981E3BB007240B7 /* Build configuration list for PBXNativeTarget "Prioritization AppTests" */ = {
			isa = XCConfigurationList;
			buildConfigurations = (
				BA314E6E1981E3BB007240B7 /* Debug */,
				BA314E6F1981E3BB007240B7 /* Release */,
			);
			defaultConfigurationIsVisible = 0;
			defaultConfigurationName = Release;
		};
/* End XCConfigurationList section */
	};
	rootObject = BA314E361981E3BB007240B7 /* Project object */;
}
